// !$*UTF8*$!
{
	archiveVersion = 1;
	classes = {
	};
	objectVersion = 56;
	objects = {

/* Begin PBXBuildFile section */
		23D4B9D4296AD67100ADCF2F /* BucketListApp.swift in Sources */ = {isa = PBXBuildFile; fileRef = 23D4B9D3296AD67100ADCF2F /* BucketListApp.swift */; };
		23D4B9D6296AD67100ADCF2F /* ContentView.swift in Sources */ = {isa = PBXBuildFile; fileRef = 23D4B9D5296AD67100ADCF2F /* ContentView.swift */; };
		23D4B9D8296AD67200ADCF2F /* Assets.xcassets in Resources */ = {isa = PBXBuildFile; fileRef = 23D4B9D7296AD67200ADCF2F /* Assets.xcassets */; };
		23D4B9DC296AD67200ADCF2F /* Preview Assets.xcassets in Resources */ = {isa = PBXBuildFile; fileRef = 23D4B9DB296AD67200ADCF2F /* Preview Assets.xcassets */; };
		23D4B9E3296AD8CA00ADCF2F /* FileManager+Extension.swift in Sources */ = {isa = PBXBuildFile; fileRef = 23D4B9E2296AD8CA00ADCF2F /* FileManager+Extension.swift */; };
		23D4B9E7296AE0CA00ADCF2F /* Location.swift in Sources */ = {isa = PBXBuildFile; fileRef = 23D4B9E6296AE0CA00ADCF2F /* Location.swift */; };
		23D4B9E9296AE44000ADCF2F /* EditView.swift in Sources */ = {isa = PBXBuildFile; fileRef = 23D4B9E8296AE44000ADCF2F /* EditView.swift */; };
/* End PBXBuildFile section */

/* Begin PBXFileReference section */
		23D4B9D0296AD67100ADCF2F /* BucketList.app */ = {isa = PBXFileReference; explicitFileType = wrapper.application; includeInIndex = 0; path = BucketList.app; sourceTree = BUILT_PRODUCTS_DIR; };
		23D4B9D3296AD67100ADCF2F /* BucketListApp.swift */ = {isa = PBXFileReference; lastKnownFileType = sourcecode.swift; path = BucketListApp.swift; sourceTree = "<group>"; };
		23D4B9D5296AD67100ADCF2F /* ContentView.swift */ = {isa = PBXFileReference; lastKnownFileType = sourcecode.swift; path = ContentView.swift; sourceTree = "<group>"; };
		23D4B9D7296AD67200ADCF2F /* Assets.xcassets */ = {isa = PBXFileReference; lastKnownFileType = folder.assetcatalog; path = Assets.xcassets; sourceTree = "<group>"; };
		23D4B9D9296AD67200ADCF2F /* BucketList.entitlements */ = {isa = PBXFileReference; lastKnownFileType = text.plist.entitlements; path = BucketList.entitlements; sourceTree = "<group>"; };
		23D4B9DB296AD67200ADCF2F /* Preview Assets.xcassets */ = {isa = PBXFileReference; lastKnownFileType = folder.assetcatalog; path = "Preview Assets.xcassets"; sourceTree = "<group>"; };
		23D4B9E2296AD8CA00ADCF2F /* FileManager+Extension.swift */ = {isa = PBXFileReference; lastKnownFileType = sourcecode.swift; path = "FileManager+Extension.swift"; sourceTree = "<group>"; };
		23D4B9E6296AE0CA00ADCF2F /* Location.swift */ = {isa = PBXFileReference; lastKnownFileType = sourcecode.swift; path = Location.swift; sourceTree = "<group>"; };
		23D4B9E8296AE44000ADCF2F /* EditView.swift */ = {isa = PBXFileReference; lastKnownFileType = sourcecode.swift; path = EditView.swift; sourceTree = "<group>"; };
/* End PBXFileReference section */

/* Begin PBXFrameworksBuildPhase section */
		23D4B9CD296AD67100ADCF2F /* Frameworks */ = {
			isa = PBXFrameworksBuildPhase;
			buildActionMask = 2147483647;
			files = (
			);
			runOnlyForDeploymentPostprocessing = 0;
		};
/* End PBXFrameworksBuildPhase section */

/* Begin PBXGroup section */
		23D4B9C7296AD67100ADCF2F = {
			isa = PBXGroup;
			children = (
				23D4B9D2296AD67100ADCF2F /* BucketList */,
				23D4B9D1296AD67100ADCF2F /* Products */,
			);
			sourceTree = "<group>";
		};
		23D4B9D1296AD67100ADCF2F /* Products */ = {
			isa = PBXGroup;
			children = (
				23D4B9D0296AD67100ADCF2F /* BucketList.app */,
			);
			name = Products;
			sourceTree = "<group>";
		};
		23D4B9D2296AD67100ADCF2F /* BucketList */ = {
			isa = PBXGroup;
			children = (
				23D4B9D3296AD67100ADCF2F /* BucketListApp.swift */,
				23D4B9D5296AD67100ADCF2F /* ContentView.swift */,
				23D4B9E8296AE44000ADCF2F /* EditView.swift */,
				23D4B9E6296AE0CA00ADCF2F /* Location.swift */,
				23D4B9E2296AD8CA00ADCF2F /* FileManager+Extension.swift */,
				23D4B9D7296AD67200ADCF2F /* Assets.xcassets */,
				23D4B9D9296AD67200ADCF2F /* BucketList.entitlements */,
				23D4B9DA296AD67200ADCF2F /* Preview Content */,
			);
			path = BucketList;
			sourceTree = "<group>";
		};
		23D4B9DA296AD67200ADCF2F /* Preview Content */ = {
			isa = PBXGroup;
			children = (
				23D4B9DB296AD67200ADCF2F /* Preview Assets.xcassets */,
			);
			path = "Preview Content";
			sourceTree = "<group>";
		};
/* End PBXGroup section */

/* Begin PBXNativeTarget section */
		23D4B9CF296AD67100ADCF2F /* BucketList */ = {
			isa = PBXNativeTarget;
			buildConfigurationList = 23D4B9DF296AD67200ADCF2F /* Build configuration list for PBXNativeTarget "BucketList" */;
			buildPhases = (
				23D4B9CC296AD67100ADCF2F /* Sources */,
				23D4B9CD296AD67100ADCF2F /* Frameworks */,
				23D4B9CE296AD67100ADCF2F /* Resources */,
			);
			buildRules = (
			);
			dependencies = (
			);
			name = BucketList;
			productName = BucketList;
			productReference = 23D4B9D0296AD67100ADCF2F /* BucketList.app */;
			productType = "com.apple.product-type.application";
		};
/* End PBXNativeTarget section */

/* Begin PBXProject section */
		23D4B9C8296AD67100ADCF2F /* Project object */ = {
			isa = PBXProject;
			attributes = {
				BuildIndependentTargetsInParallel = 1;
				LastSwiftUpdateCheck = 1420;
				LastUpgradeCheck = 1420;
				TargetAttributes = {
					23D4B9CF296AD67100ADCF2F = {
						CreatedOnToolsVersion = 14.2;
					};
				};
			};
			buildConfigurationList = 23D4B9CB296AD67100ADCF2F /* Build configuration list for PBXProject "BucketList" */;
			compatibilityVersion = "Xcode 14.0";
			developmentRegion = en;
			hasScannedForEncodings = 0;
			knownRegions = (
				en,
				Base,
			);
			mainGroup = 23D4B9C7296AD67100ADCF2F;
			productRefGroup = 23D4B9D1296AD67100ADCF2F /* Products */;
			projectDirPath = "";
			projectRoot = "";
			targets = (
				23D4B9CF296AD67100ADCF2F /* BucketList */,
			);
		};
/* End PBXProject section */

/* Begin PBXResourcesBuildPhase section */
		23D4B9CE296AD67100ADCF2F /* Resources */ = {
			isa = PBXResourcesBuildPhase;
			buildActionMask = 2147483647;
			files = (
				23D4B9DC296AD67200ADCF2F /* Preview Assets.xcassets in Resources */,
				23D4B9D8296AD67200ADCF2F /* Assets.xcassets in Resources */,
			);
			runOnlyForDeploymentPostprocessing = 0;
		};
/* End PBXResourcesBuildPhase section */

/* Begin PBXSourcesBuildPhase section */
		23D4B9CC296AD67100ADCF2F /* Sources */ = {
			isa = PBXSourcesBuildPhase;
			buildActionMask = 2147483647;
			files = (
				23D4B9D6296AD67100ADCF2F /* ContentView.swift in Sources */,
				23D4B9E9296AE44000ADCF2F /* EditView.swift in Sources */,
				23D4B9D4296AD67100ADCF2F /* BucketListApp.swift in Sources */,
				23D4B9E7296AE0CA00ADCF2F /* Location.swift in Sources */,
				23D4B9E3296AD8CA00ADCF2F /* FileManager+Extension.swift in Sources */,
			);
			runOnlyForDeploymentPostprocessing = 0;
		};
/* End PBXSourcesBuildPhase section */

/* Begin XCBuildConfiguration section */
		23D4B9DD296AD67200ADCF2F /* Debug */ = {
			isa = XCBuildConfiguration;
			buildSettings = {
				ALWAYS_SEARCH_USER_PATHS = NO;
				CLANG_ANALYZER_NONNULL = YES;
				CLANG_ANALYZER_NUMBER_OBJECT_CONVERSION = YES_AGGRESSIVE;
				CLANG_CXX_LANGUAGE_STANDARD = "gnu++20";
				CLANG_ENABLE_MODULES = YES;
				CLANG_ENABLE_OBJC_ARC = YES;
				CLANG_ENABLE_OBJC_WEAK = YES;
				CLANG_WARN_BLOCK_CAPTURE_AUTORELEASING = YES;
				CLANG_WARN_BOOL_CONVERSION = YES;
				CLANG_WARN_COMMA = YES;
				CLANG_WARN_CONSTANT_CONVERSION = YES;
				CLANG_WARN_DEPRECATED_OBJC_IMPLEMENTATIONS = YES;
				CLANG_WARN_DIRECT_OBJC_ISA_USAGE = YES_ERROR;
				CLANG_WARN_DOCUMENTATION_COMMENTS = YES;
				CLANG_WARN_EMPTY_BODY = YES;
				CLANG_WARN_ENUM_CONVERSION = YES;
				CLANG_WARN_INFINITE_RECURSION = YES;
				CLANG_WARN_INT_CONVERSION = YES;
				CLANG_WARN_NON_LITERAL_NULL_CONVERSION = YES;
				CLANG_WARN_OBJC_IMPLICIT_RETAIN_SELF = YES;
				CLANG_WARN_OBJC_LITERAL_CONVERSION = YES;
				CLANG_WARN_OBJC_ROOT_CLASS = YES_ERROR;
				CLANG_WARN_QUOTED_INCLUDE_IN_FRAMEWORK_HEADER = YES;
				CLANG_WARN_RANGE_LOOP_ANALYSIS = YES;
				CLANG_WARN_STRICT_PROTOTYPES = YES;
				CLANG_WARN_SUSPICIOUS_MOVE = YES;
				CLANG_WARN_UNGUARDED_AVAILABILITY = YES_AGGRESSIVE;
				CLANG_WARN_UNREACHABLE_CODE = YES;
				CLANG_WARN__DUPLICATE_METHOD_MATCH = YES;
				COPY_PHASE_STRIP = NO;
				DEBUG_INFORMATION_FORMAT = dwarf;
				ENABLE_STRICT_OBJC_MSGSEND = YES;
				ENABLE_TESTABILITY = YES;
				GCC_C_LANGUAGE_STANDARD = gnu11;
				GCC_DYNAMIC_NO_PIC = NO;
				GCC_NO_COMMON_BLOCKS = YES;
				GCC_OPTIMIZATION_LEVEL = 0;
				GCC_PREPROCESSOR_DEFINITIONS = (
					"DEBUG=1",
					"$(inherited)",
				);
				GCC_WARN_64_TO_32_BIT_CONVERSION = YES;
				GCC_WARN_ABOUT_RETURN_TYPE = YES_ERROR;
				GCC_WARN_UNDECLARED_SELECTOR = YES;
				GCC_WARN_UNINITIALIZED_AUTOS = YES_AGGRESSIVE;
				GCC_WARN_UNUSED_FUNCTION = YES;
				GCC_WARN_UNUSED_VARIABLE = YES;
				MTL_ENABLE_DEBUG_INFO = INCLUDE_SOURCE;
				MTL_FAST_MATH = YES;
				ONLY_ACTIVE_ARCH = YES;
				SWIFT_ACTIVE_COMPILATION_CONDITIONS = DEBUG;
				SWIFT_OPTIMIZATION_LEVEL = "-Onone";
			};
			name = Debug;
		};
		23D4B9DE296AD67200ADCF2F /* Release */ = {
			isa = XCBuildConfiguration;
			buildSettings = {
				ALWAYS_SEARCH_USER_PATHS = NO;
				CLANG_ANALYZER_NONNULL = YES;
				CLANG_ANALYZER_NUMBER_OBJECT_CONVERSION = YES_AGGRESSIVE;
				CLANG_CXX_LANGUAGE_STANDARD = "gnu++20";
				CLANG_ENABLE_MODULES = YES;
				CLANG_ENABLE_OBJC_ARC = YES;
				CLANG_ENABLE_OBJC_WEAK = YES;
				CLANG_WARN_BLOCK_CAPTURE_AUTORELEASING = YES;
				CLANG_WARN_BOOL_CONVERSION = YES;
				CLANG_WARN_COMMA = YES;
				CLANG_WARN_CONSTANT_CONVERSION = YES;
				CLANG_WARN_DEPRECATED_OBJC_IMPLEMENTATIONS = YES;
				CLANG_WARN_DIRECT_OBJC_ISA_USAGE = YES_ERROR;
				CLANG_WARN_DOCUMENTATION_COMMENTS = YES;
				CLANG_WARN_EMPTY_BODY = YES;
				CLANG_WARN_ENUM_CONVERSION = YES;
				CLANG_WARN_INFINITE_RECURSION = YES;
				CLANG_WARN_INT_CONVERSION = YES;
				CLANG_WARN_NON_LITERAL_NULL_CONVERSION = YES;
				CLANG_WARN_OBJC_IMPLICIT_RETAIN_SELF = YES;
				CLANG_WARN_OBJC_LITERAL_CONVERSION = YES;
				CLANG_WARN_OBJC_ROOT_CLASS = YES_ERROR;
				CLANG_WARN_QUOTED_INCLUDE_IN_FRAMEWORK_HEADER = YES;
				CLANG_WARN_RANGE_LOOP_ANALYSIS = YES;
				CLANG_WARN_STRICT_PROTOTYPES = YES;
				CLANG_WARN_SUSPICIOUS_MOVE = YES;
				CLANG_WARN_UNGUARDED_AVAILABILITY = YES_AGGRESSIVE;
				CLANG_WARN_UNREACHABLE_CODE = YES;
				CLANG_WARN__DUPLICATE_METHOD_MATCH = YES;
				COPY_PHASE_STRIP = NO;
				DEBUG_INFORMATION_FORMAT = "dwarf-with-dsym";
				ENABLE_NS_ASSERTIONS = NO;
				ENABLE_STRICT_OBJC_MSGSEND = YES;
				GCC_C_LANGUAGE_STANDARD = gnu11;
				GCC_NO_COMMON_BLOCKS = YES;
				GCC_WARN_64_TO_32_BIT_CONVERSION = YES;
				GCC_WARN_ABOUT_RETURN_TYPE = YES_ERROR;
				GCC_WARN_UNDECLARED_SELECTOR = YES;
				GCC_WARN_UNINITIALIZED_AUTOS = YES_AGGRESSIVE;
				GCC_WARN_UNUSED_FUNCTION = YES;
				GCC_WARN_UNUSED_VARIABLE = YES;
				MTL_ENABLE_DEBUG_INFO = NO;
				MTL_FAST_MATH = YES;
				SWIFT_COMPILATION_MODE = wholemodule;
				SWIFT_OPTIMIZATION_LEVEL = "-O";
			};
			name = Release;
		};
		23D4B9E0296AD67200ADCF2F /* Debug */ = {
			isa = XCBuildConfiguration;
			buildSettings = {
				ASSETCATALOG_COMPILER_APPICON_NAME = AppIcon;
				ASSETCATALOG_COMPILER_GLOBAL_ACCENT_COLOR_NAME = AccentColor;
				CODE_SIGN_ENTITLEMENTS = BucketList/BucketList.entitlements;
				CODE_SIGN_STYLE = Automatic;
				CURRENT_PROJECT_VERSION = 1;
				DEVELOPMENT_ASSET_PATHS = "\"BucketList/Preview Content\"";
				DEVELOPMENT_TEAM = 4P438KL9Q8;
				ENABLE_HARDENED_RUNTIME = YES;
				ENABLE_PREVIEWS = YES;
				GENERATE_INFOPLIST_FILE = YES;
				INFOPLIST_KEY_NSFaceIDUsageDescription = "We need to unlock your data.";
				"INFOPLIST_KEY_UIApplicationSceneManifest_Generation[sdk=iphoneos*]" = YES;
				"INFOPLIST_KEY_UIApplicationSceneManifest_Generation[sdk=iphonesimulator*]" = YES;
				"INFOPLIST_KEY_UIApplicationSupportsIndirectInputEvents[sdk=iphoneos*]" = YES;
				"INFOPLIST_KEY_UIApplicationSupportsIndirectInputEvents[sdk=iphonesimulator*]" = YES;
				"INFOPLIST_KEY_UILaunchScreen_Generation[sdk=iphoneos*]" = YES;
				"INFOPLIST_KEY_UILaunchScreen_Generation[sdk=iphonesimulator*]" = YES;
				"INFOPLIST_KEY_UIStatusBarStyle[sdk=iphoneos*]" = UIStatusBarStyleDefault;
				"INFOPLIST_KEY_UIStatusBarStyle[sdk=iphonesimulator*]" = UIStatusBarStyleDefault;
				INFOPLIST_KEY_UISupportedInterfaceOrientations_iPad = "UIInterfaceOrientationPortrait UIInterfaceOrientationPortraitUpsideDown UIInterfaceOrientationLandscapeLeft UIInterfaceOrientationLandscapeRight";
				INFOPLIST_KEY_UISupportedInterfaceOrientations_iPhone = "UIInterfaceOrientationPortrait UIInterfaceOrientationLandscapeLeft UIInterfaceOrientationLandscapeRight";
				IPHONEOS_DEPLOYMENT_TARGET = 16.2;
				LD_RUNPATH_SEARCH_PATHS = "@executable_path/Frameworks";
				"LD_RUNPATH_SEARCH_PATHS[sdk=macosx*]" = "@executable_path/../Frameworks";
				MACOSX_DEPLOYMENT_TARGET = 13.1;
				MARKETING_VERSION = 1.0;
				PRODUCT_BUNDLE_IDENTIFIER = me.huin.apps.BucketList;
				PRODUCT_NAME = "$(TARGET_NAME)";
				SDKROOT = auto;
				SUPPORTED_PLATFORMS = "iphoneos iphonesimulator macosx";
				SWIFT_EMIT_LOC_STRINGS = YES;
				SWIFT_VERSION = 5.0;
				TARGETED_DEVICE_FAMILY = "1,2";
			};
			name = Debug;
		};
		23D4B9E1296AD67200ADCF2F /* Release */ = {
			isa = XCBuildConfiguration;
			buildSettings = {
				ASSETCATALOG_COMPILER_APPICON_NAME = AppIcon;
				ASSETCATALOG_COMPILER_GLOBAL_ACCENT_COLOR_NAME = AccentColor;
				CODE_SIGN_ENTITLEMENTS = BucketList/BucketList.entitlements;
				CODE_SIGN_STYLE = Automatic;
				CURRENT_PROJECT_VERSION = 1;
				DEVELOPMENT_ASSET_PATHS = "\"BucketList/Preview Content\"";
				DEVELOPMENT_TEAM = 4P438KL9Q8;
				ENABLE_HARDENED_RUNTIME = YES;
				ENABLE_PREVIEWS = YES;
				GENERATE_INFOPLIST_FILE = YES;
				INFOPLIST_KEY_NSFaceIDUsageDescription = "We need to unlock your data.";
				"INFOPLIST_KEY_UIApplicationSceneManifest_Generation[sdk=iphoneos*]" = YES;
				"INFOPLIST_KEY_UIApplicationSceneManifest_Generation[sdk=iphonesimulator*]" = YES;
				"INFOPLIST_KEY_UIApplicationSupportsIndirectInputEvents[sdk=iphoneos*]" = YES;
				"INFOPLIST_KEY_UIApplicationSupportsIndirectInputEvents[sdk=iphonesimulator*]" = YES;
				"INFOPLIST_KEY_UILaunchScreen_Generation[sdk=iphoneos*]" = YES;
				"INFOPLIST_KEY_UILaunchScreen_Generation[sdk=iphonesimulator*]" = YES;
				"INFOPLIST_KEY_UIStatusBarStyle[sdk=iphoneos*]" = UIStatusBarStyleDefault;
				"INFOPLIST_KEY_UIStatusBarStyle[sdk=iphonesimulator*]" = UIStatusBarStyleDefault;
				INFOPLIST_KEY_UISupportedInterfaceOrientations_iPad = "UIInterfaceOrientationPortrait UIInterfaceOrientationPortraitUpsideDown UIInterfaceOrientationLandscapeLeft UIInterfaceOrientationLandscapeRight";
				INFOPLIST_KEY_UISupportedInterfaceOrientations_iPhone = "UIInterfaceOrientationPortrait UIInterfaceOrientationLandscapeLeft UIInterfaceOrientationLandscapeRight";
				IPHONEOS_DEPLOYMENT_TARGET = 16.2;
				LD_RUNPATH_SEARCH_PATHS = "@executable_path/Frameworks";
				"LD_RUNPATH_SEARCH_PATHS[sdk=macosx*]" = "@executable_path/../Frameworks";
				MACOSX_DEPLOYMENT_TARGET = 13.1;
				MARKETING_VERSION = 1.0;
				PRODUCT_BUNDLE_IDENTIFIER = me.huin.apps.BucketList;
				PRODUCT_NAME = "$(TARGET_NAME)";
				SDKROOT = auto;
				SUPPORTED_PLATFORMS = "iphoneos iphonesimulator macosx";
				SWIFT_EMIT_LOC_STRINGS = YES;
				SWIFT_VERSION = 5.0;
				TARGETED_DEVICE_FAMILY = "1,2";
			};
			name = Release;
		};
/* End XCBuildConfiguration section */

/* Begin XCConfigurationList section */
		23D4B9CB296AD67100ADCF2F /* Build configuration list for PBXProject "BucketList" */ = {
			isa = XCConfigurationList;
			buildConfigurations = (
				23D4B9DD296AD67200ADCF2F /* Debug */,
				23D4B9DE296AD67200ADCF2F /* Release */,
			);
			defaultConfigurationIsVisible = 0;
			defaultConfigurationName = Release;
		};
		23D4B9DF296AD67200ADCF2F /* Build configuration list for PBXNativeTarget "BucketList" */ = {
			isa = XCConfigurationList;
			buildConfigurations = (
				23D4B9E0296AD67200ADCF2F /* Debug */,
				23D4B9E1296AD67200ADCF2F /* Release */,
			);
			defaultConfigurationIsVisible = 0;
			defaultConfigurationName = Release;
		};
/* End XCConfigurationList section */
	};
	rootObject = 23D4B9C8296AD67100ADCF2F /* Project object */;
}
